schema: '2.0'
stages:
  plot-cp:
    cmd: calkit xenv -n main --no-check -- fromwhere run --no-sign -i
      data/performance.csv -o figures/cp_curve.svg -- calkit xenv -n main --
      python scripts/plot_cp.py
    deps:
    - path: .calkit/env-locks/main
      hash: md5
      md5: 7bb628394dc218635123395a0ab1e5cf.dir
      size: 153
      nfiles: 1
    - path: data/performance.csv
      hash: md5
      md5: 4340527c4644d344259af58f7c234345
      size: 144
    - path: scripts/plot_cp.py
      hash: md5
      md5: c02a77d323bd3a11418c624d7ae7680b
      size: 1617
    outs:
    - path: figures/cp_curve.svg
      hash: md5
      md5: 5058e36cd58163a010cd89ab93bbc8c4
      size: 10309
  plot-ct:
    cmd: calkit xenv -n main --no-check -- fromwhere run --no-sign -i
      data/performance.csv -o figures/ct_curve.svg -- calkit xenv -n main --
      python scripts/plot_ct.py
    deps:
    - path: .calkit/env-locks/main
      hash: md5
      md5: 7bb628394dc218635123395a0ab1e5cf.dir
      size: 153
      nfiles: 1
    - path: data/performance.csv
      hash: md5
      md5: 4340527c4644d344259af58f7c234345
      size: 144
    - path: scripts/plot_ct.py
      hash: md5
      md5: fc92e4c6a4bffc47cd46871e44ee8767
      size: 1897
    outs:
    - path: figures/ct_curve.svg
      hash: md5
      md5: f97be51267826bedc2155e1ed6165820
      size: 9716
  stack-panels:
    cmd: calkit xenv -n main --no-check -- fromwhere run -i figures/cp_curve.svg
      -i figures/ct_curve.svg -o figures/performance.svg -- calkit xenv -n main
      -- python scripts/stack.py
    deps:
    - path: .calkit/env-locks/main
      hash: md5
      md5: 7bb628394dc218635123395a0ab1e5cf.dir
      size: 153
      nfiles: 1
    - path: figures/cp_curve.svg
      hash: md5
      md5: 5058e36cd58163a010cd89ab93bbc8c4
      size: 10309
    - path: figures/ct_curve.svg
      hash: md5
      md5: f97be51267826bedc2155e1ed6165820
      size: 9716
    - path: scripts/stack.py
      hash: md5
      md5: 1f4414cdf36031786034f4a011b077b0
      size: 2670
    outs:
    - path: figures/performance.svg
      hash: md5
      md5: feae7cf6e0a4bc4501f293ba03e9554d
      size: 41647
