schema: '2.0'
stages:
  plot-cp:
    cmd: calkit xenv -n main --no-check -- python scripts/plot_cp.py
    deps:
    - path: data/performance.csv
      hash: md5
      md5: 4340527c4644d344259af58f7c234345
      size: 144
    - path: scripts/plot_cp.py
      hash: md5
      md5: 95a475c9e93b03a94a5d0c183c31e483
      size: 1100
    - path: uv.lock
      hash: md5
      md5: 68d32048a183e8363d9faf823bee4118
      size: 422568
    outs:
    - path: figures/cp_curve.svg
      hash: md5
      md5: ea5fa59442699b99bc593208abacef40
      size: 20539
  embed-figure:
    cmd: calkit xenv -n main --no-check -- figmint reimport 
      figures/composite.drawio -o .build/composite.drawio
    deps:
    - path: figures/composite.drawio
      hash: md5
      md5: c96f81e0db7dbaa4f5b463d8622b6887
      size: 2063653
    - path: figures/cp_curve.svg
      hash: md5
      md5: ea5fa59442699b99bc593208abacef40
      size: 20539
    - path: figures/turbine.png
      hash: md5
      md5: 0b3cebb83c8ed94401d8de19991e6b2d
      size: 1524838
    - path: uv.lock
      hash: md5
      md5: 68d32048a183e8363d9faf823bee4118
      size: 422568
    outs:
    - path: .build/composite.drawio
      hash: md5
      md5: b534afd4dc2326615ac2657e6248731d
      size: 2063662
  render-figure:
    cmd: calkit xenv -n main --no-check -- drawio -x -f svg --embed-diagram 
      --yes -o figures/composite.drawio.svg .build/composite.drawio
    deps:
    - path: .build/composite.drawio
      hash: md5
      md5: b534afd4dc2326615ac2657e6248731d
      size: 2063662
    - path: uv.lock
      hash: md5
      md5: 68d32048a183e8363d9faf823bee4118
      size: 422568
    outs:
    - path: figures/composite.drawio.svg
      hash: md5
      md5: edf8a0474caa7d9f217066ee338a499f
      size: 4195964
  check-provenance:
    cmd: calkit xenv -n main --no-check -- figmint check 
      figures/composite.drawio.svg
    deps:
    - path: figures/composite.drawio.svg
      hash: md5
      md5: edf8a0474caa7d9f217066ee338a499f
      size: 4195964
    - path: uv.lock
      hash: md5
      md5: 68d32048a183e8363d9faf823bee4118
      size: 422568
  build-site:
    cmd: calkit xenv -n main --no-check -- myst build --html --execute
    deps:
    - path: figures/composite.drawio.svg
      hash: md5
      md5: edf8a0474caa7d9f217066ee338a499f
      size: 4195964
    - path: figures/cp_fit.svg
      hash: md5
      md5: 5633071d7dda4ff1e9df901b12e2df28
      size: 30080
    - path: index.md
      hash: md5
      md5: c0379de0ae8259c7ce4726b00bce32b2
      size: 11931
    - path: myst.yml
      hash: md5
      md5: 989e95732e719a53c67a8b44749b9924
      size: 728
    - path: results/peak.json
      hash: md5
      md5: 659f50535143755f5cf89891efb2ee95
      size: 147
    - path: uv.lock
      hash: md5
      md5: 68d32048a183e8363d9faf823bee4118
      size: 422568
  fit-peak:
    cmd: calkit xenv -n main --no-check -- python scripts/fit_peak.py
    deps:
    - path: data/performance.csv
      hash: md5
      md5: 4340527c4644d344259af58f7c234345
      size: 144
    - path: params/universe.yaml
      hash: md5
      md5: 7b5d26c307fdfdd89e6feda05fb4496f
      size: 292
    - path: scripts/fit_peak.py
      hash: md5
      md5: 7f67454422bc5ea13948f2ca80c60708
      size: 4076
    - path: uv.lock
      hash: md5
      md5: 68d32048a183e8363d9faf823bee4118
      size: 422568
    outs:
    - path: figures/cp_fit.svg
      hash: md5
      md5: 5633071d7dda4ff1e9df901b12e2df28
      size: 30080
    - path: results/peak.json
      hash: md5
      md5: 659f50535143755f5cf89891efb2ee95
      size: 147
