schema: '2.0'
stages:
  plot-cp:
    cmd: calkit xenv -n main --no-check -- python scripts/plot_cp.py
    deps:
    - path: data/performance.csv
      hash: md5
      md5: 4340527c4644d344259af58f7c234345
      size: 144
    - path: scripts/plot_cp.py
      hash: md5
      md5: 95a475c9e93b03a94a5d0c183c31e483
      size: 1100
    - path: uv.lock
      hash: md5
      md5: a37f67adecdf233f234f5b547101795a
      size: 422539
    outs:
    - path: figures/cp_curve.svg
      hash: md5
      md5: aad68424a16e9a0f41faa91790afea1a
      size: 20539
  embed-figure:
    cmd: calkit xenv -n main --no-check -- figmint reimport 
      figures/composite.drawio -o .build/composite.drawio
    deps:
    - path: figures/composite.drawio
      hash: md5
      md5: fe3809cbd7f6ab5dbe380ac78ef1c20c
      size: 2063142
    - path: figures/cp_curve.svg
      hash: md5
      md5: aad68424a16e9a0f41faa91790afea1a
      size: 20539
    - path: figures/turbine.png
      hash: md5
      md5: 0b3cebb83c8ed94401d8de19991e6b2d
      size: 1524838
    - path: uv.lock
      hash: md5
      md5: a37f67adecdf233f234f5b547101795a
      size: 422539
    outs:
    - path: .build/composite.drawio
      hash: md5
      md5: 5618f7c21e0dcafa42e8a0aabb727bfd
      size: 2063149
  render-figure:
    cmd: calkit xenv -n main --no-check -- drawio -x -f svg --embed-diagram 
      --yes -o figures/composite.drawio.svg .build/composite.drawio
    deps:
    - path: .build/composite.drawio
      hash: md5
      md5: 5618f7c21e0dcafa42e8a0aabb727bfd
      size: 2063149
    - path: uv.lock
      hash: md5
      md5: a37f67adecdf233f234f5b547101795a
      size: 422539
    outs:
    - path: figures/composite.drawio.svg
      hash: md5
      md5: c0cfbc325e46331f91a2930e79e28ce7
      size: 4161146
  check-provenance:
    cmd: calkit xenv -n main --no-check -- figmint check 
      figures/composite.drawio.svg
    deps:
    - path: figures/composite.drawio.svg
      hash: md5
      md5: c0cfbc325e46331f91a2930e79e28ce7
      size: 4161146
    - path: uv.lock
      hash: md5
      md5: a37f67adecdf233f234f5b547101795a
      size: 422539
  build-site:
    cmd: calkit xenv -n main --no-check -- myst build --html --execute
    deps:
    - path: figures/composite.drawio.svg
      hash: md5
      md5: c0cfbc325e46331f91a2930e79e28ce7
      size: 4161146
    - path: figures/cp_fit.svg
      hash: md5
      md5: c076427a1daf3e1402a79f8dfbed02fa
      size: 30080
    - path: index.md
      hash: md5
      md5: 11cbbef0f70b924f5dc22f73c3415bf6
      size: 11847
    - path: myst.yml
      hash: md5
      md5: 7977dffa2b20f6bdbd96ada0cecb4d05
      size: 382
    - path: results/peak.json
      hash: md5
      md5: 659f50535143755f5cf89891efb2ee95
      size: 147
    - path: uv.lock
      hash: md5
      md5: a37f67adecdf233f234f5b547101795a
      size: 422539
  fit-peak:
    cmd: calkit xenv -n main --no-check -- python scripts/fit_peak.py
    deps:
    - path: data/performance.csv
      hash: md5
      md5: 4340527c4644d344259af58f7c234345
      size: 144
    - path: params/universe.yaml
      hash: md5
      md5: 7b5d26c307fdfdd89e6feda05fb4496f
      size: 292
    - path: scripts/fit_peak.py
      hash: md5
      md5: 7f67454422bc5ea13948f2ca80c60708
      size: 4076
    - path: uv.lock
      hash: md5
      md5: a37f67adecdf233f234f5b547101795a
      size: 422539
    outs:
    - path: figures/cp_fit.svg
      hash: md5
      md5: c076427a1daf3e1402a79f8dfbed02fa
      size: 30080
    - path: results/peak.json
      hash: md5
      md5: 659f50535143755f5cf89891efb2ee95
      size: 147
